
Microsoft Visual Studio Solution File, Format Version 12.00
# Visual Studio Version 16
VisualStudioVersion = 16.0.29613.14
MinimumVisualStudioVersion = 10.0.40219.1
Project("{D954291E-2A0B-460D-934E-DC6B0785DB48}") = "MapsApp.Xamarin.Shared", "MapsApp.Xamarin.Shared\MapsApp.Xamarin.Shared.shproj", "{C0E5C9C0-53D2-4EED-B36E-D7A8DB55E1D1}"
EndProject
Project("{FAE04EC0-301F-11D3-BF4B-00C04F79EFBC}") = "MapsApp.Android", "MapsApp.Android\MapsApp.Android.csproj", "{BD464FAE-1E80-4127-931E-4D1F04B32BD2}"
EndProject
Project("{FAE04EC0-301F-11D3-BF4B-00C04F79EFBC}") = "MapsApp.iOS", "MapsApp.iOS\MapsApp.iOS.csproj", "{99424659-2878-48B9-A53C-0AE81A27628C}"
EndProject
Project("{FAE04EC0-301F-11D3-BF4B-00C04F79EFBC}") = "MapsApp.UWP", "MapsApp.UWP\MapsApp.UWP.csproj", "{CA6A13A6-3A29-4A34-AF46-27F120F676CF}"
EndProject
Project("{FAE04EC0-301F-11D3-BF4B-00C04F79EFBC}") = "MapsApp.WPF", "MapsApp.WPF\MapsApp.WPF.csproj", "{8F028D45-5444-45E1-9323-1CFD1BD66D6F}"
EndProject
Project("{9A19103F-16F7-4668-BE54-9A1E7A4F7556}") = "MapsApp.WPF (.NET Core)", "MapsApp.WPF\MapsApp.WPF (.NET Core).csproj", "{08B7ECD4-F5A2-45F7-B75D-1265E7075281}"
EndProject
Project("{D954291E-2A0B-460D-934E-DC6B0785DB48}") = "MapsApp.Shared", "MapsApp.Shared\MapsApp.Shared.shproj", "{2C2A9421-C9C7-4A51-AAE3-216F7E05D8D8}"
EndProject
Global
	GlobalSection(SharedMSBuildProjectFiles) = preSolution
		MapsApp.Shared\MapsApp.Shared.projitems*{08b7ecd4-f5a2-45f7-b75d-1265e7075281}*SharedItemsImports = 5
		MapsApp.Shared\MapsApp.Shared.projitems*{2c2a9421-c9c7-4a51-aae3-216f7e05d8d8}*SharedItemsImports = 13
		MapsApp.Shared\MapsApp.Shared.projitems*{8f028d45-5444-45e1-9323-1cfd1bd66d6f}*SharedItemsImports = 4
		MapsApp.Shared\MapsApp.Shared.projitems*{99424659-2878-48b9-a53c-0ae81a27628c}*SharedItemsImports = 4
		MapsApp.Xamarin.Shared\MapsApp.projitems*{99424659-2878-48b9-a53c-0ae81a27628c}*SharedItemsImports = 4
		MapsApp.Shared\MapsApp.Shared.projitems*{bd464fae-1e80-4127-931e-4d1f04b32bd2}*SharedItemsImports = 4
		MapsApp.Xamarin.Shared\MapsApp.projitems*{bd464fae-1e80-4127-931e-4d1f04b32bd2}*SharedItemsImports = 4
		MapsApp.Xamarin.Shared\MapsApp.projitems*{c0e5c9c0-53d2-4eed-b36e-d7a8db55e1d1}*SharedItemsImports = 13
		MapsApp.Shared\MapsApp.Shared.projitems*{ca6a13a6-3a29-4a34-af46-27f120f676cf}*SharedItemsImports = 4
		MapsApp.Xamarin.Shared\MapsApp.projitems*{ca6a13a6-3a29-4a34-af46-27f120f676cf}*SharedItemsImports = 4
	EndGlobalSection
	GlobalSection(SolutionConfigurationPlatforms) = preSolution
		Ad-Hoc|Any CPU = Ad-Hoc|Any CPU
		Ad-Hoc|ARM = Ad-Hoc|ARM
		Ad-Hoc|iPhone = Ad-Hoc|iPhone
		Ad-Hoc|iPhoneSimulator = Ad-Hoc|iPhoneSimulator
		Ad-Hoc|x64 = Ad-Hoc|x64
		Ad-Hoc|x86 = Ad-Hoc|x86
		AppStore|Any CPU = AppStore|Any CPU
		AppStore|ARM = AppStore|ARM
		AppStore|iPhone = AppStore|iPhone
		AppStore|iPhoneSimulator = AppStore|iPhoneSimulator
		AppStore|x64 = AppStore|x64
		AppStore|x86 = AppStore|x86
		Debug|Any CPU = Debug|Any CPU
		Debug|ARM = Debug|ARM
		Debug|iPhone = Debug|iPhone
		Debug|iPhoneSimulator = Debug|iPhoneSimulator
		Debug|x64 = Debug|x64
		Debug|x86 = Debug|x86
		Release|Any CPU = Release|Any CPU
		Release|ARM = Release|ARM
		Release|iPhone = Release|iPhone
		Release|iPhoneSimulator = Release|iPhoneSimulator
		Release|x64 = Release|x64
		Release|x86 = Release|x86
	EndGlobalSection
	GlobalSection(ProjectConfigurationPlatforms) = postSolution
		{BD464FAE-1E80-4127-931E-4D1F04B32BD2}.Ad-Hoc|Any CPU.ActiveCfg = Release|Any CPU
		{BD464FAE-1E80-4127-931E-4D1F04B32BD2}.Ad-Hoc|Any CPU.Build.0 = Release|Any CPU
		{BD464FAE-1E80-4127-931E-4D1F04B32BD2}.Ad-Hoc|Any CPU.Deploy.0 = Release|Any CPU
		{BD464FAE-1E80-4127-931E-4D1F04B32BD2}.Ad-Hoc|ARM.ActiveCfg = Release|Any CPU
		{BD464FAE-1E80-4127-931E-4D1F04B32BD2}.Ad-Hoc|ARM.Build.0 = Release|Any CPU
		{BD464FAE-1E80-4127-931E-4D1F04B32BD2}.Ad-Hoc|ARM.Deploy.0 = Release|Any CPU
		{BD464FAE-1E80-4127-931E-4D1F04B32BD2}.Ad-Hoc|iPhone.ActiveCfg = Release|Any CPU
		{BD464FAE-1E80-4127-931E-4D1F04B32BD2}.Ad-Hoc|iPhone.Build.0 = Release|Any CPU
		{BD464FAE-1E80-4127-931E-4D1F04B32BD2}.Ad-Hoc|iPhone.Deploy.0 = Release|Any CPU
		{BD464FAE-1E80-4127-931E-4D1F04B32BD2}.Ad-Hoc|iPhoneSimulator.ActiveCfg = Release|Any CPU
		{BD464FAE-1E80-4127-931E-4D1F04B32BD2}.Ad-Hoc|iPhoneSimulator.Build.0 = Release|Any CPU
		{BD464FAE-1E80-4127-931E-4D1F04B32BD2}.Ad-Hoc|iPhoneSimulator.Deploy.0 = Release|Any CPU
		{BD464FAE-1E80-4127-931E-4D1F04B32BD2}.Ad-Hoc|x64.ActiveCfg = Release|Any CPU
		{BD464FAE-1E80-4127-931E-4D1F04B32BD2}.Ad-Hoc|x64.Build.0 = Release|Any CPU
		{BD464FAE-1E80-4127-931E-4D1F04B32BD2}.Ad-Hoc|x64.Deploy.0 = Release|Any CPU
		{BD464FAE-1E80-4127-931E-4D1F04B32BD2}.Ad-Hoc|x86.ActiveCfg = Release|Any CPU
		{BD464FAE-1E80-4127-931E-4D1F04B32BD2}.Ad-Hoc|x86.Build.0 = Release|Any CPU
		{BD464FAE-1E80-4127-931E-4D1F04B32BD2}.Ad-Hoc|x86.Deploy.0 = Release|Any CPU
		{BD464FAE-1E80-4127-931E-4D1F04B32BD2}.AppStore|Any CPU.ActiveCfg = Release|Any CPU
		{BD464FAE-1E80-4127-931E-4D1F04B32BD2}.AppStore|Any CPU.Build.0 = Release|Any CPU
		{BD464FAE-1E80-4127-931E-4D1F04B32BD2}.AppStore|Any CPU.Deploy.0 = Release|Any CPU
		{BD464FAE-1E80-4127-931E-4D1F04B32BD2}.AppStore|ARM.ActiveCfg = Release|Any CPU
		{BD464FAE-1E80-4127-931E-4D1F04B32BD2}.AppStore|ARM.Build.0 = Release|Any CPU
		{BD464FAE-1E80-4127-931E-4D1F04B32BD2}.AppStore|ARM.Deploy.0 = Release|Any CPU
		{BD464FAE-1E80-4127-931E-4D1F04B32BD2}.AppStore|iPhone.ActiveCfg = Release|Any CPU
		{BD464FAE-1E80-4127-931E-4D1F04B32BD2}.AppStore|iPhone.Build.0 = Release|Any CPU
		{BD464FAE-1E80-4127-931E-4D1F04B32BD2}.AppStore|iPhone.Deploy.0 = Release|Any CPU
		{BD464FAE-1E80-4127-931E-4D1F04B32BD2}.AppStore|iPhoneSimulator.ActiveCfg = Release|Any CPU
		{BD464FAE-1E80-4127-931E-4D1F04B32BD2}.AppStore|iPhoneSimulator.Build.0 = Release|Any CPU
		{BD464FAE-1E80-4127-931E-4D1F04B32BD2}.AppStore|iPhoneSimulator.Deploy.0 = Release|Any CPU
		{BD464FAE-1E80-4127-931E-4D1F04B32BD2}.AppStore|x64.ActiveCfg = Release|Any CPU
		{BD464FAE-1E80-4127-931E-4D1F04B32BD2}.AppStore|x64.Build.0 = Release|Any CPU
		{BD464FAE-1E80-4127-931E-4D1F04B32BD2}.AppStore|x64.Deploy.0 = Release|Any CPU
		{BD464FAE-1E80-4127-931E-4D1F04B32BD2}.AppStore|x86.ActiveCfg = Release|Any CPU
		{BD464FAE-1E80-4127-931E-4D1F04B32BD2}.AppStore|x86.Build.0 = Release|Any CPU
		{BD464FAE-1E80-4127-931E-4D1F04B32BD2}.AppStore|x86.Deploy.0 = Release|Any CPU
		{BD464FAE-1E80-4127-931E-4D1F04B32BD2}.Debug|Any CPU.ActiveCfg = Debug|Any CPU
		{BD464FAE-1E80-4127-931E-4D1F04B32BD2}.Debug|Any CPU.Build.0 = Debug|Any CPU
		{BD464FAE-1E80-4127-931E-4D1F04B32BD2}.Debug|Any CPU.Deploy.0 = Debug|Any CPU
		{BD464FAE-1E80-4127-931E-4D1F04B32BD2}.Debug|ARM.ActiveCfg = Debug|Any CPU
		{BD464FAE-1E80-4127-931E-4D1F04B32BD2}.Debug|ARM.Build.0 = Debug|Any CPU
		{BD464FAE-1E80-4127-931E-4D1F04B32BD2}.Debug|ARM.Deploy.0 = Debug|Any CPU
		{BD464FAE-1E80-4127-931E-4D1F04B32BD2}.Debug|iPhone.ActiveCfg = Debug|Any CPU
		{BD464FAE-1E80-4127-931E-4D1F04B32BD2}.Debug|iPhone.Build.0 = Debug|Any CPU
		{BD464FAE-1E80-4127-931E-4D1F04B32BD2}.Debug|iPhone.Deploy.0 = Debug|Any CPU
		{BD464FAE-1E80-4127-931E-4D1F04B32BD2}.Debug|iPhoneSimulator.ActiveCfg = Debug|Any CPU
		{BD464FAE-1E80-4127-931E-4D1F04B32BD2}.Debug|iPhoneSimulator.Build.0 = Debug|Any CPU
		{BD464FAE-1E80-4127-931E-4D1F04B32BD2}.Debug|iPhoneSimulator.Deploy.0 = Debug|Any CPU
		{BD464FAE-1E80-4127-931E-4D1F04B32BD2}.Debug|x64.ActiveCfg = Debug|Any CPU
		{BD464FAE-1E80-4127-931E-4D1F04B32BD2}.Debug|x64.Build.0 = Debug|Any CPU
		{BD464FAE-1E80-4127-931E-4D1F04B32BD2}.Debug|x64.Deploy.0 = Debug|Any CPU
		{BD464FAE-1E80-4127-931E-4D1F04B32BD2}.Debug|x86.ActiveCfg = Debug|Any CPU
		{BD464FAE-1E80-4127-931E-4D1F04B32BD2}.Debug|x86.Build.0 = Debug|Any CPU
		{BD464FAE-1E80-4127-931E-4D1F04B32BD2}.Debug|x86.Deploy.0 = Debug|Any CPU
		{BD464FAE-1E80-4127-931E-4D1F04B32BD2}.Release|Any CPU.ActiveCfg = Release|Any CPU
		{BD464FAE-1E80-4127-931E-4D1F04B32BD2}.Release|Any CPU.Build.0 = Release|Any CPU
		{BD464FAE-1E80-4127-931E-4D1F04B32BD2}.Release|Any CPU.Deploy.0 = Release|Any CPU
		{BD464FAE-1E80-4127-931E-4D1F04B32BD2}.Release|ARM.ActiveCfg = Release|Any CPU
		{BD464FAE-1E80-4127-931E-4D1F04B32BD2}.Release|ARM.Build.0 = Release|Any CPU
		{BD464FAE-1E80-4127-931E-4D1F04B32BD2}.Release|ARM.Deploy.0 = Release|Any CPU
		{BD464FAE-1E80-4127-931E-4D1F04B32BD2}.Release|iPhone.ActiveCfg = Release|Any CPU
		{BD464FAE-1E80-4127-931E-4D1F04B32BD2}.Release|iPhone.Build.0 = Release|Any CPU
		{BD464FAE-1E80-4127-931E-4D1F04B32BD2}.Release|iPhone.Deploy.0 = Release|Any CPU
		{BD464FAE-1E80-4127-931E-4D1F04B32BD2}.Release|iPhoneSimulator.ActiveCfg = Release|Any CPU
		{BD464FAE-1E80-4127-931E-4D1F04B32BD2}.Release|iPhoneSimulator.Build.0 = Release|Any CPU
		{BD464FAE-1E80-4127-931E-4D1F04B32BD2}.Release|iPhoneSimulator.Deploy.0 = Release|Any CPU
		{BD464FAE-1E80-4127-931E-4D1F04B32BD2}.Release|x64.ActiveCfg = Release|Any CPU
		{BD464FAE-1E80-4127-931E-4D1F04B32BD2}.Release|x64.Build.0 = Release|Any CPU
		{BD464FAE-1E80-4127-931E-4D1F04B32BD2}.Release|x64.Deploy.0 = Release|Any CPU
		{BD464FAE-1E80-4127-931E-4D1F04B32BD2}.Release|x86.ActiveCfg = Release|Any CPU
		{BD464FAE-1E80-4127-931E-4D1F04B32BD2}.Release|x86.Build.0 = Release|Any CPU
		{BD464FAE-1E80-4127-931E-4D1F04B32BD2}.Release|x86.Deploy.0 = Release|Any CPU
		{99424659-2878-48B9-A53C-0AE81A27628C}.Ad-Hoc|Any CPU.ActiveCfg = Ad-Hoc|iPhone
		{99424659-2878-48B9-A53C-0AE81A27628C}.Ad-Hoc|ARM.ActiveCfg = Ad-Hoc|iPhone
		{99424659-2878-48B9-A53C-0AE81A27628C}.Ad-Hoc|iPhone.ActiveCfg = Ad-Hoc|iPhone
		{99424659-2878-48B9-A53C-0AE81A27628C}.Ad-Hoc|iPhone.Build.0 = Ad-Hoc|iPhone
		{99424659-2878-48B9-A53C-0AE81A27628C}.Ad-Hoc|iPhoneSimulator.ActiveCfg = Ad-Hoc|iPhoneSimulator
		{99424659-2878-48B9-A53C-0AE81A27628C}.Ad-Hoc|iPhoneSimulator.Build.0 = Ad-Hoc|iPhoneSimulator
		{99424659-2878-48B9-A53C-0AE81A27628C}.Ad-Hoc|x64.ActiveCfg = Ad-Hoc|iPhone
		{99424659-2878-48B9-A53C-0AE81A27628C}.Ad-Hoc|x86.ActiveCfg = Ad-Hoc|iPhone
		{99424659-2878-48B9-A53C-0AE81A27628C}.AppStore|Any CPU.ActiveCfg = AppStore|iPhone
		{99424659-2878-48B9-A53C-0AE81A27628C}.AppStore|ARM.ActiveCfg = AppStore|iPhone
		{99424659-2878-48B9-A53C-0AE81A27628C}.AppStore|iPhone.ActiveCfg = AppStore|iPhone
		{99424659-2878-48B9-A53C-0AE81A27628C}.AppStore|iPhone.Build.0 = AppStore|iPhone
		{99424659-2878-48B9-A53C-0AE81A27628C}.AppStore|iPhoneSimulator.ActiveCfg = AppStore|iPhoneSimulator
		{99424659-2878-48B9-A53C-0AE81A27628C}.AppStore|iPhoneSimulator.Build.0 = AppStore|iPhoneSimulator
		{99424659-2878-48B9-A53C-0AE81A27628C}.AppStore|x64.ActiveCfg = AppStore|iPhone
		{99424659-2878-48B9-A53C-0AE81A27628C}.AppStore|x86.ActiveCfg = AppStore|iPhone
		{99424659-2878-48B9-A53C-0AE81A27628C}.Debug|Any CPU.ActiveCfg = Debug|iPhone
		{99424659-2878-48B9-A53C-0AE81A27628C}.Debug|Any CPU.Build.0 = Debug|iPhone
		{99424659-2878-48B9-A53C-0AE81A27628C}.Debug|ARM.ActiveCfg = Debug|iPhone
		{99424659-2878-48B9-A53C-0AE81A27628C}.Debug|iPhone.ActiveCfg = Debug|iPhone
		{99424659-2878-48B9-A53C-0AE81A27628C}.Debug|iPhone.Build.0 = Debug|iPhone
		{99424659-2878-48B9-A53C-0AE81A27628C}.Debug|iPhone.Deploy.0 = Debug|iPhone
		{99424659-2878-48B9-A53C-0AE81A27628C}.Debug|iPhoneSimulator.ActiveCfg = Debug|iPhoneSimulator
		{99424659-2878-48B9-A53C-0AE81A27628C}.Debug|iPhoneSimulator.Build.0 = Debug|iPhoneSimulator
		{99424659-2878-48B9-A53C-0AE81A27628C}.Debug|x64.ActiveCfg = Debug|iPhone
		{99424659-2878-48B9-A53C-0AE81A27628C}.Debug|x86.ActiveCfg = Debug|iPhone
		{99424659-2878-48B9-A53C-0AE81A27628C}.Release|Any CPU.ActiveCfg = Release|iPhone
		{99424659-2878-48B9-A53C-0AE81A27628C}.Release|Any CPU.Build.0 = Release|iPhone
		{99424659-2878-48B9-A53C-0AE81A27628C}.Release|Any CPU.Deploy.0 = Release|iPhone
		{99424659-2878-48B9-A53C-0AE81A27628C}.Release|ARM.ActiveCfg = Release|iPhone
		{99424659-2878-48B9-A53C-0AE81A27628C}.Release|ARM.Build.0 = Release|iPhone
		{99424659-2878-48B9-A53C-0AE81A27628C}.Release|ARM.Deploy.0 = Release|iPhone
		{99424659-2878-48B9-A53C-0AE81A27628C}.Release|iPhone.ActiveCfg = Release|iPhone
		{99424659-2878-48B9-A53C-0AE81A27628C}.Release|iPhone.Build.0 = Release|iPhone
		{99424659-2878-48B9-A53C-0AE81A27628C}.Release|iPhone.Deploy.0 = Release|iPhone
		{99424659-2878-48B9-A53C-0AE81A27628C}.Release|iPhoneSimulator.ActiveCfg = Release|iPhone
		{99424659-2878-48B9-A53C-0AE81A27628C}.Release|iPhoneSimulator.Build.0 = Release|iPhone
		{99424659-2878-48B9-A53C-0AE81A27628C}.Release|iPhoneSimulator.Deploy.0 = Release|iPhone
		{99424659-2878-48B9-A53C-0AE81A27628C}.Release|x64.ActiveCfg = Release|iPhone
		{99424659-2878-48B9-A53C-0AE81A27628C}.Release|x64.Build.0 = Release|iPhone
		{99424659-2878-48B9-A53C-0AE81A27628C}.Release|x64.Deploy.0 = Release|iPhone
		{99424659-2878-48B9-A53C-0AE81A27628C}.Release|x86.ActiveCfg = Release|iPhone
		{99424659-2878-48B9-A53C-0AE81A27628C}.Release|x86.Build.0 = Release|iPhone
		{99424659-2878-48B9-A53C-0AE81A27628C}.Release|x86.Deploy.0 = Release|iPhone
		{CA6A13A6-3A29-4A34-AF46-27F120F676CF}.Ad-Hoc|Any CPU.ActiveCfg = Release|x86
		{CA6A13A6-3A29-4A34-AF46-27F120F676CF}.Ad-Hoc|Any CPU.Build.0 = Release|x86
		{CA6A13A6-3A29-4A34-AF46-27F120F676CF}.Ad-Hoc|Any CPU.Deploy.0 = Release|x86
		{CA6A13A6-3A29-4A34-AF46-27F120F676CF}.Ad-Hoc|ARM.ActiveCfg = Release|ARM
		{CA6A13A6-3A29-4A34-AF46-27F120F676CF}.Ad-Hoc|ARM.Build.0 = Release|ARM
		{CA6A13A6-3A29-4A34-AF46-27F120F676CF}.Ad-Hoc|ARM.Deploy.0 = Release|ARM
		{CA6A13A6-3A29-4A34-AF46-27F120F676CF}.Ad-Hoc|iPhone.ActiveCfg = Release|x86
		{CA6A13A6-3A29-4A34-AF46-27F120F676CF}.Ad-Hoc|iPhone.Build.0 = Release|x86
		{CA6A13A6-3A29-4A34-AF46-27F120F676CF}.Ad-Hoc|iPhone.Deploy.0 = Release|x86
		{CA6A13A6-3A29-4A34-AF46-27F120F676CF}.Ad-Hoc|iPhoneSimulator.ActiveCfg = Release|x86
		{CA6A13A6-3A29-4A34-AF46-27F120F676CF}.Ad-Hoc|iPhoneSimulator.Build.0 = Release|x86
		{CA6A13A6-3A29-4A34-AF46-27F120F676CF}.Ad-Hoc|iPhoneSimulator.Deploy.0 = Release|x86
		{CA6A13A6-3A29-4A34-AF46-27F120F676CF}.Ad-Hoc|x64.ActiveCfg = Release|x64
		{CA6A13A6-3A29-4A34-AF46-27F120F676CF}.Ad-Hoc|x64.Build.0 = Release|x64
		{CA6A13A6-3A29-4A34-AF46-27F120F676CF}.Ad-Hoc|x64.Deploy.0 = Release|x64
		{CA6A13A6-3A29-4A34-AF46-27F120F676CF}.Ad-Hoc|x86.ActiveCfg = Release|x86
		{CA6A13A6-3A29-4A34-AF46-27F120F676CF}.Ad-Hoc|x86.Build.0 = Release|x86
		{CA6A13A6-3A29-4A34-AF46-27F120F676CF}.Ad-Hoc|x86.Deploy.0 = Release|x86
		{CA6A13A6-3A29-4A34-AF46-27F120F676CF}.AppStore|Any CPU.ActiveCfg = Debug|x64
		{CA6A13A6-3A29-4A34-AF46-27F120F676CF}.AppStore|Any CPU.Build.0 = Debug|x64
		{CA6A13A6-3A29-4A34-AF46-27F120F676CF}.AppStore|Any CPU.Deploy.0 = Debug|x64
		{CA6A13A6-3A29-4A34-AF46-27F120F676CF}.AppStore|ARM.ActiveCfg = Release|ARM
		{CA6A13A6-3A29-4A34-AF46-27F120F676CF}.AppStore|ARM.Build.0 = Release|ARM
		{CA6A13A6-3A29-4A34-AF46-27F120F676CF}.AppStore|ARM.Deploy.0 = Release|ARM
		{CA6A13A6-3A29-4A34-AF46-27F120F676CF}.AppStore|iPhone.ActiveCfg = Release|x86
		{CA6A13A6-3A29-4A34-AF46-27F120F676CF}.AppStore|iPhone.Build.0 = Release|x86
		{CA6A13A6-3A29-4A34-AF46-27F120F676CF}.AppStore|iPhone.Deploy.0 = Release|x86
		{CA6A13A6-3A29-4A34-AF46-27F120F676CF}.AppStore|iPhoneSimulator.ActiveCfg = Release|x86
		{CA6A13A6-3A29-4A34-AF46-27F120F676CF}.AppStore|iPhoneSimulator.Build.0 = Release|x86
		{CA6A13A6-3A29-4A34-AF46-27F120F676CF}.AppStore|iPhoneSimulator.Deploy.0 = Release|x86
		{CA6A13A6-3A29-4A34-AF46-27F120F676CF}.AppStore|x64.ActiveCfg = Release|x64
		{CA6A13A6-3A29-4A34-AF46-27F120F676CF}.AppStore|x64.Build.0 = Release|x64
		{CA6A13A6-3A29-4A34-AF46-27F120F676CF}.AppStore|x64.Deploy.0 = Release|x64
		{CA6A13A6-3A29-4A34-AF46-27F120F676CF}.AppStore|x86.ActiveCfg = Release|x86
		{CA6A13A6-3A29-4A34-AF46-27F120F676CF}.AppStore|x86.Build.0 = Release|x86
		{CA6A13A6-3A29-4A34-AF46-27F120F676CF}.AppStore|x86.Deploy.0 = Release|x86
		{CA6A13A6-3A29-4A34-AF46-27F120F676CF}.Debug|Any CPU.ActiveCfg = Debug|x86
		{CA6A13A6-3A29-4A34-AF46-27F120F676CF}.Debug|ARM.ActiveCfg = Debug|ARM
		{CA6A13A6-3A29-4A34-AF46-27F120F676CF}.Debug|ARM.Build.0 = Debug|ARM
		{CA6A13A6-3A29-4A34-AF46-27F120F676CF}.Debug|ARM.Deploy.0 = Debug|ARM
		{CA6A13A6-3A29-4A34-AF46-27F120F676CF}.Debug|iPhone.ActiveCfg = Debug|x86
		{CA6A13A6-3A29-4A34-AF46-27F120F676CF}.Debug|iPhone.Build.0 = Debug|x86
		{CA6A13A6-3A29-4A34-AF46-27F120F676CF}.Debug|iPhone.Deploy.0 = Debug|x86
		{CA6A13A6-3A29-4A34-AF46-27F120F676CF}.Debug|iPhoneSimulator.ActiveCfg = Debug|x86
		{CA6A13A6-3A29-4A34-AF46-27F120F676CF}.Debug|iPhoneSimulator.Build.0 = Debug|x86
		{CA6A13A6-3A29-4A34-AF46-27F120F676CF}.Debug|iPhoneSimulator.Deploy.0 = Debug|x86
		{CA6A13A6-3A29-4A34-AF46-27F120F676CF}.Debug|x64.ActiveCfg = Debug|x64
		{CA6A13A6-3A29-4A34-AF46-27F120F676CF}.Debug|x64.Build.0 = Debug|x64
		{CA6A13A6-3A29-4A34-AF46-27F120F676CF}.Debug|x64.Deploy.0 = Debug|x64
		{CA6A13A6-3A29-4A34-AF46-27F120F676CF}.Debug|x86.ActiveCfg = Debug|x86
		{CA6A13A6-3A29-4A34-AF46-27F120F676CF}.Debug|x86.Build.0 = Debug|x86
		{CA6A13A6-3A29-4A34-AF46-27F120F676CF}.Debug|x86.Deploy.0 = Debug|x86
		{CA6A13A6-3A29-4A34-AF46-27F120F676CF}.Release|Any CPU.ActiveCfg = Release|x86
		{CA6A13A6-3A29-4A34-AF46-27F120F676CF}.Release|ARM.ActiveCfg = Release|x86
		{CA6A13A6-3A29-4A34-AF46-27F120F676CF}.Release|ARM.Build.0 = Release|x86
		{CA6A13A6-3A29-4A34-AF46-27F120F676CF}.Release|ARM.Deploy.0 = Release|x86
		{CA6A13A6-3A29-4A34-AF46-27F120F676CF}.Release|iPhone.ActiveCfg = Release|x86
		{CA6A13A6-3A29-4A34-AF46-27F120F676CF}.Release|iPhone.Build.0 = Release|x86
		{CA6A13A6-3A29-4A34-AF46-27F120F676CF}.Release|iPhone.Deploy.0 = Release|x86
		{CA6A13A6-3A29-4A34-AF46-27F120F676CF}.Release|iPhoneSimulator.ActiveCfg = Release|x86
		{CA6A13A6-3A29-4A34-AF46-27F120F676CF}.Release|iPhoneSimulator.Build.0 = Release|x86
		{CA6A13A6-3A29-4A34-AF46-27F120F676CF}.Release|iPhoneSimulator.Deploy.0 = Release|x86
		{CA6A13A6-3A29-4A34-AF46-27F120F676CF}.Release|x64.ActiveCfg = Release|x86
		{CA6A13A6-3A29-4A34-AF46-27F120F676CF}.Release|x64.Build.0 = Release|x86
		{CA6A13A6-3A29-4A34-AF46-27F120F676CF}.Release|x64.Deploy.0 = Release|x86
		{CA6A13A6-3A29-4A34-AF46-27F120F676CF}.Release|x86.ActiveCfg = Release|x86
		{CA6A13A6-3A29-4A34-AF46-27F120F676CF}.Release|x86.Build.0 = Release|x86
		{CA6A13A6-3A29-4A34-AF46-27F120F676CF}.Release|x86.Deploy.0 = Release|x86
		{8F028D45-5444-45E1-9323-1CFD1BD66D6F}.Ad-Hoc|Any CPU.ActiveCfg = Release|Any CPU
		{8F028D45-5444-45E1-9323-1CFD1BD66D6F}.Ad-Hoc|Any CPU.Build.0 = Release|Any CPU
		{8F028D45-5444-45E1-9323-1CFD1BD66D6F}.Ad-Hoc|ARM.ActiveCfg = Release|Any CPU
		{8F028D45-5444-45E1-9323-1CFD1BD66D6F}.Ad-Hoc|ARM.Build.0 = Release|Any CPU
		{8F028D45-5444-45E1-9323-1CFD1BD66D6F}.Ad-Hoc|iPhone.ActiveCfg = Release|Any CPU
		{8F028D45-5444-45E1-9323-1CFD1BD66D6F}.Ad-Hoc|iPhone.Build.0 = Release|Any CPU
		{8F028D45-5444-45E1-9323-1CFD1BD66D6F}.Ad-Hoc|iPhoneSimulator.ActiveCfg = Release|Any CPU
		{8F028D45-5444-45E1-9323-1CFD1BD66D6F}.Ad-Hoc|iPhoneSimulator.Build.0 = Release|Any CPU
		{8F028D45-5444-45E1-9323-1CFD1BD66D6F}.Ad-Hoc|x64.ActiveCfg = Release|Any CPU
		{8F028D45-5444-45E1-9323-1CFD1BD66D6F}.Ad-Hoc|x64.Build.0 = Release|Any CPU
		{8F028D45-5444-45E1-9323-1CFD1BD66D6F}.Ad-Hoc|x86.ActiveCfg = Release|Any CPU
		{8F028D45-5444-45E1-9323-1CFD1BD66D6F}.Ad-Hoc|x86.Build.0 = Release|Any CPU
		{8F028D45-5444-45E1-9323-1CFD1BD66D6F}.AppStore|Any CPU.ActiveCfg = Release|Any CPU
		{8F028D45-5444-45E1-9323-1CFD1BD66D6F}.AppStore|Any CPU.Build.0 = Release|Any CPU
		{8F028D45-5444-45E1-9323-1CFD1BD66D6F}.AppStore|ARM.ActiveCfg = Release|Any CPU
		{8F028D45-5444-45E1-9323-1CFD1BD66D6F}.AppStore|ARM.Build.0 = Release|Any CPU
		{8F028D45-5444-45E1-9323-1CFD1BD66D6F}.AppStore|iPhone.ActiveCfg = Release|Any CPU
		{8F028D45-5444-45E1-9323-1CFD1BD66D6F}.AppStore|iPhone.Build.0 = Release|Any CPU
		{8F028D45-5444-45E1-9323-1CFD1BD66D6F}.AppStore|iPhoneSimulator.ActiveCfg = Release|Any CPU
		{8F028D45-5444-45E1-9323-1CFD1BD66D6F}.AppStore|iPhoneSimulator.Build.0 = Release|Any CPU
		{8F028D45-5444-45E1-9323-1CFD1BD66D6F}.AppStore|x64.ActiveCfg = Release|Any CPU
		{8F028D45-5444-45E1-9323-1CFD1BD66D6F}.AppStore|x64.Build.0 = Release|Any CPU
		{8F028D45-5444-45E1-9323-1CFD1BD66D6F}.AppStore|x86.ActiveCfg = Release|Any CPU
		{8F028D45-5444-45E1-9323-1CFD1BD66D6F}.AppStore|x86.Build.0 = Release|Any CPU
		{8F028D45-5444-45E1-9323-1CFD1BD66D6F}.Debug|Any CPU.ActiveCfg = Debug|Any CPU
		{8F028D45-5444-45E1-9323-1CFD1BD66D6F}.Debug|Any CPU.Build.0 = Debug|Any CPU
		{8F028D45-5444-45E1-9323-1CFD1BD66D6F}.Debug|ARM.ActiveCfg = Debug|Any CPU
		{8F028D45-5444-45E1-9323-1CFD1BD66D6F}.Debug|ARM.Build.0 = Debug|Any CPU
		{8F028D45-5444-45E1-9323-1CFD1BD66D6F}.Debug|iPhone.ActiveCfg = Debug|Any CPU
		{8F028D45-5444-45E1-9323-1CFD1BD66D6F}.Debug|iPhone.Build.0 = Debug|Any CPU
		{8F028D45-5444-45E1-9323-1CFD1BD66D6F}.Debug|iPhoneSimulator.ActiveCfg = Debug|Any CPU
		{8F028D45-5444-45E1-9323-1CFD1BD66D6F}.Debug|iPhoneSimulator.Build.0 = Debug|Any CPU
		{8F028D45-5444-45E1-9323-1CFD1BD66D6F}.Debug|x64.ActiveCfg = Debug|Any CPU
		{8F028D45-5444-45E1-9323-1CFD1BD66D6F}.Debug|x64.Build.0 = Debug|Any CPU
		{8F028D45-5444-45E1-9323-1CFD1BD66D6F}.Debug|x86.ActiveCfg = Debug|Any CPU
		{8F028D45-5444-45E1-9323-1CFD1BD66D6F}.Debug|x86.Build.0 = Debug|Any CPU
		{8F028D45-5444-45E1-9323-1CFD1BD66D6F}.Release|Any CPU.ActiveCfg = Release|Any CPU
		{8F028D45-5444-45E1-9323-1CFD1BD66D6F}.Release|Any CPU.Build.0 = Release|Any CPU
		{8F028D45-5444-45E1-9323-1CFD1BD66D6F}.Release|ARM.ActiveCfg = Release|Any CPU
		{8F028D45-5444-45E1-9323-1CFD1BD66D6F}.Release|ARM.Build.0 = Release|Any CPU
		{8F028D45-5444-45E1-9323-1CFD1BD66D6F}.Release|iPhone.ActiveCfg = Release|Any CPU
		{8F028D45-5444-45E1-9323-1CFD1BD66D6F}.Release|iPhone.Build.0 = Release|Any CPU
		{8F028D45-5444-45E1-9323-1CFD1BD66D6F}.Release|iPhoneSimulator.ActiveCfg = Release|Any CPU
		{8F028D45-5444-45E1-9323-1CFD1BD66D6F}.Release|iPhoneSimulator.Build.0 = Release|Any CPU
		{8F028D45-5444-45E1-9323-1CFD1BD66D6F}.Release|x64.ActiveCfg = Release|Any CPU
		{8F028D45-5444-45E1-9323-1CFD1BD66D6F}.Release|x64.Build.0 = Release|Any CPU
		{8F028D45-5444-45E1-9323-1CFD1BD66D6F}.Release|x86.ActiveCfg = Release|Any CPU
		{8F028D45-5444-45E1-9323-1CFD1BD66D6F}.Release|x86.Build.0 = Release|Any CPU
		{08B7ECD4-F5A2-45F7-B75D-1265E7075281}.Ad-Hoc|Any CPU.ActiveCfg = Debug|Any CPU
		{08B7ECD4-F5A2-45F7-B75D-1265E7075281}.Ad-Hoc|Any CPU.Build.0 = Debug|Any CPU
		{08B7ECD4-F5A2-45F7-B75D-1265E7075281}.Ad-Hoc|ARM.ActiveCfg = Debug|Any CPU
		{08B7ECD4-F5A2-45F7-B75D-1265E7075281}.Ad-Hoc|ARM.Build.0 = Debug|Any CPU
		{08B7ECD4-F5A2-45F7-B75D-1265E7075281}.Ad-Hoc|iPhone.ActiveCfg = Debug|Any CPU
		{08B7ECD4-F5A2-45F7-B75D-1265E7075281}.Ad-Hoc|iPhone.Build.0 = Debug|Any CPU
		{08B7ECD4-F5A2-45F7-B75D-1265E7075281}.Ad-Hoc|iPhoneSimulator.ActiveCfg = Debug|Any CPU
		{08B7ECD4-F5A2-45F7-B75D-1265E7075281}.Ad-Hoc|iPhoneSimulator.Build.0 = Debug|Any CPU
		{08B7ECD4-F5A2-45F7-B75D-1265E7075281}.Ad-Hoc|x64.ActiveCfg = Debug|Any CPU
		{08B7ECD4-F5A2-45F7-B75D-1265E7075281}.Ad-Hoc|x64.Build.0 = Debug|Any CPU
		{08B7ECD4-F5A2-45F7-B75D-1265E7075281}.Ad-Hoc|x86.ActiveCfg = Debug|Any CPU
		{08B7ECD4-F5A2-45F7-B75D-1265E7075281}.Ad-Hoc|x86.Build.0 = Debug|Any CPU
		{08B7ECD4-F5A2-45F7-B75D-1265E7075281}.AppStore|Any CPU.ActiveCfg = Debug|Any CPU
		{08B7ECD4-F5A2-45F7-B75D-1265E7075281}.AppStore|Any CPU.Build.0 = Debug|Any CPU
		{08B7ECD4-F5A2-45F7-B75D-1265E7075281}.AppStore|ARM.ActiveCfg = Debug|Any CPU
		{08B7ECD4-F5A2-45F7-B75D-1265E7075281}.AppStore|ARM.Build.0 = Debug|Any CPU
		{08B7ECD4-F5A2-45F7-B75D-1265E7075281}.AppStore|iPhone.ActiveCfg = Debug|Any CPU
		{08B7ECD4-F5A2-45F7-B75D-1265E7075281}.AppStore|iPhone.Build.0 = Debug|Any CPU
		{08B7ECD4-F5A2-45F7-B75D-1265E7075281}.AppStore|iPhoneSimulator.ActiveCfg = Debug|Any CPU
		{08B7ECD4-F5A2-45F7-B75D-1265E7075281}.AppStore|iPhoneSimulator.Build.0 = Debug|Any CPU
		{08B7ECD4-F5A2-45F7-B75D-1265E7075281}.AppStore|x64.ActiveCfg = Debug|Any CPU
		{08B7ECD4-F5A2-45F7-B75D-1265E7075281}.AppStore|x64.Build.0 = Debug|Any CPU
		{08B7ECD4-F5A2-45F7-B75D-1265E7075281}.AppStore|x86.ActiveCfg = Debug|Any CPU
		{08B7ECD4-F5A2-45F7-B75D-1265E7075281}.AppStore|x86.Build.0 = Debug|Any CPU
		{08B7ECD4-F5A2-45F7-B75D-1265E7075281}.Debug|Any CPU.ActiveCfg = Debug|Any CPU
		{08B7ECD4-F5A2-45F7-B75D-1265E7075281}.Debug|Any CPU.Build.0 = Debug|Any CPU
		{08B7ECD4-F5A2-45F7-B75D-1265E7075281}.Debug|ARM.ActiveCfg = Debug|Any CPU
		{08B7ECD4-F5A2-45F7-B75D-1265E7075281}.Debug|ARM.Build.0 = Debug|Any CPU
		{08B7ECD4-F5A2-45F7-B75D-1265E7075281}.Debug|iPhone.ActiveCfg = Debug|Any CPU
		{08B7ECD4-F5A2-45F7-B75D-1265E7075281}.Debug|iPhone.Build.0 = Debug|Any CPU
		{08B7ECD4-F5A2-45F7-B75D-1265E7075281}.Debug|iPhoneSimulator.ActiveCfg = Debug|Any CPU
		{08B7ECD4-F5A2-45F7-B75D-1265E7075281}.Debug|iPhoneSimulator.Build.0 = Debug|Any CPU
		{08B7ECD4-F5A2-45F7-B75D-1265E7075281}.Debug|x64.ActiveCfg = Debug|Any CPU
		{08B7ECD4-F5A2-45F7-B75D-1265E7075281}.Debug|x64.Build.0 = Debug|Any CPU
		{08B7ECD4-F5A2-45F7-B75D-1265E7075281}.Debug|x86.ActiveCfg = Debug|Any CPU
		{08B7ECD4-F5A2-45F7-B75D-1265E7075281}.Debug|x86.Build.0 = Debug|Any CPU
		{08B7ECD4-F5A2-45F7-B75D-1265E7075281}.Release|Any CPU.ActiveCfg = Release|Any CPU
		{08B7ECD4-F5A2-45F7-B75D-1265E7075281}.Release|Any CPU.Build.0 = Release|Any CPU
		{08B7ECD4-F5A2-45F7-B75D-1265E7075281}.Release|ARM.ActiveCfg = Release|Any CPU
		{08B7ECD4-F5A2-45F7-B75D-1265E7075281}.Release|ARM.Build.0 = Release|Any CPU
		{08B7ECD4-F5A2-45F7-B75D-1265E7075281}.Release|iPhone.ActiveCfg = Release|Any CPU
		{08B7ECD4-F5A2-45F7-B75D-1265E7075281}.Release|iPhone.Build.0 = Release|Any CPU
		{08B7ECD4-F5A2-45F7-B75D-1265E7075281}.Release|iPhoneSimulator.ActiveCfg = Release|Any CPU
		{08B7ECD4-F5A2-45F7-B75D-1265E7075281}.Release|iPhoneSimulator.Build.0 = Release|Any CPU
		{08B7ECD4-F5A2-45F7-B75D-1265E7075281}.Release|x64.ActiveCfg = Release|Any CPU
		{08B7ECD4-F5A2-45F7-B75D-1265E7075281}.Release|x64.Build.0 = Release|Any CPU
		{08B7ECD4-F5A2-45F7-B75D-1265E7075281}.Release|x86.ActiveCfg = Release|Any CPU
		{08B7ECD4-F5A2-45F7-B75D-1265E7075281}.Release|x86.Build.0 = Release|Any CPU
	EndGlobalSection
	GlobalSection(SolutionProperties) = preSolution
		HideSolutionNode = FALSE
	EndGlobalSection
	GlobalSection(ExtensibilityGlobals) = postSolution
		SolutionGuid = {85B96781-BD01-489E-9F9F-91FFECC94A17}
	EndGlobalSection
	GlobalSection(MonoDevelopProperties) = preSolution
		version = 1.0.4
	EndGlobalSection
EndGlobal
